// !$*UTF8*$!
{
	archiveVersion = 1;
	classes = {
	};
	objectVersion = 55;
	objects = {

/* Begin PBXBuildFile section */
		3E75BD4E273E834F0029F566 /* TabContacSwiftUIApp.swift in Sources */ = {isa = PBXBuildFile; fileRef = 3E75BD4D273E834F0029F566 /* TabContacSwiftUIApp.swift */; };
		3E75BD50273E834F0029F566 /* ContactsView.swift in Sources */ = {isa = PBXBuildFile; fileRef = 3E75BD4F273E834F0029F566 /* ContactsView.swift */; };
		3E75BD52273E83530029F566 /* Assets.xcassets in Resources */ = {isa = PBXBuildFile; fileRef = 3E75BD51273E83530029F566 /* Assets.xcassets */; };
		3E75BD55273E83540029F566 /* Preview Assets.xcassets in Resources */ = {isa = PBXBuildFile; fileRef = 3E75BD54273E83540029F566 /* Preview Assets.xcassets */; };
		3E75BD5D273E83900029F566 /* Person.swift in Sources */ = {isa = PBXBuildFile; fileRef = 3E75BD5C273E83900029F566 /* Person.swift */; };
		3E75BD60273E846C0029F566 /* DataManager.swift in Sources */ = {isa = PBXBuildFile; fileRef = 3E75BD5F273E846C0029F566 /* DataManager.swift */; };
		3E75BD62273E94E60029F566 /* PersonInfoView.swift in Sources */ = {isa = PBXBuildFile; fileRef = 3E75BD61273E94E60029F566 /* PersonInfoView.swift */; };
		3E75BD64273EA0260029F566 /* NumbersView.swift in Sources */ = {isa = PBXBuildFile; fileRef = 3E75BD63273EA0260029F566 /* NumbersView.swift */; };
		3E75BD66273EA3070029F566 /* StartView.swift in Sources */ = {isa = PBXBuildFile; fileRef = 3E75BD65273EA3070029F566 /* StartView.swift */; };
/* End PBXBuildFile section */

/* Begin PBXFileReference section */
		3E75BD4A273E834F0029F566 /* TabContacSwiftUI.app */ = {isa = PBXFileReference; explicitFileType = wrapper.application; includeInIndex = 0; path = TabContacSwiftUI.app; sourceTree = BUILT_PRODUCTS_DIR; };
		3E75BD4D273E834F0029F566 /* TabContacSwiftUIApp.swift */ = {isa = PBXFileReference; lastKnownFileType = sourcecode.swift; path = TabContacSwiftUIApp.swift; sourceTree = "<group>"; };
		3E75BD4F273E834F0029F566 /* ContactsView.swift */ = {isa = PBXFileReference; lastKnownFileType = sourcecode.swift; path = ContactsView.swift; sourceTree = "<group>"; };
		3E75BD51273E83530029F566 /* Assets.xcassets */ = {isa = PBXFileReference; lastKnownFileType = folder.assetcatalog; path = Assets.xcassets; sourceTree = "<group>"; };
		3E75BD54273E83540029F566 /* Preview Assets.xcassets */ = {isa = PBXFileReference; lastKnownFileType = folder.assetcatalog; path = "Preview Assets.xcassets"; sourceTree = "<group>"; };
		3E75BD5C273E83900029F566 /* Person.swift */ = {isa = PBXFileReference; lastKnownFileType = sourcecode.swift; path = Person.swift; sourceTree = "<group>"; };
		3E75BD5F273E846C0029F566 /* DataManager.swift */ = {isa = PBXFileReference; lastKnownFileType = sourcecode.swift; path = DataManager.swift; sourceTree = "<group>"; };
		3E75BD61273E94E60029F566 /* PersonInfoView.swift */ = {isa = PBXFileReference; lastKnownFileType = sourcecode.swift; path = PersonInfoView.swift; sourceTree = "<group>"; };
		3E75BD63273EA0260029F566 /* NumbersView.swift */ = {isa = PBXFileReference; lastKnownFileType = sourcecode.swift; path = NumbersView.swift; sourceTree = "<group>"; };
		3E75BD65273EA3070029F566 /* StartView.swift */ = {isa = PBXFileReference; lastKnownFileType = sourcecode.swift; path = StartView.swift; sourceTree = "<group>"; };
/* End PBXFileReference section */

/* Begin PBXFrameworksBuildPhase section */
		3E75BD47273E834F0029F566 /* Frameworks */ = {
			isa = PBXFrameworksBuildPhase;
			buildActionMask = 2147483647;
			files = (
			);
			runOnlyForDeploymentPostprocessing = 0;
		};
/* End PBXFrameworksBuildPhase section */

/* Begin PBXGroup section */
		3E75BD41273E834F0029F566 = {
			isa = PBXGroup;
			children = (
				3E75BD4C273E834F0029F566 /* TabContacSwiftUI */,
				3E75BD4B273E834F0029F566 /* Products */,
			);
			sourceTree = "<group>";
		};
		3E75BD4B273E834F0029F566 /* Products */ = {
			isa = PBXGroup;
			children = (
				3E75BD4A273E834F0029F566 /* TabContacSwiftUI.app */,
			);
			name = Products;
			sourceTree = "<group>";
		};
		3E75BD4C273E834F0029F566 /* TabContacSwiftUI */ = {
			isa = PBXGroup;
			children = (
				3E75BD5E273E84050029F566 /* Services */,
				3E75BD5B273E837A0029F566 /* Model */,
				3E75BD67273EA5880029F566 /* Views */,
				3E75BD4D273E834F0029F566 /* TabContacSwiftUIApp.swift */,
				3E75BD51273E83530029F566 /* Assets.xcassets */,
				3E75BD53273E83540029F566 /* Preview Content */,
			);
			path = TabContacSwiftUI;
			sourceTree = "<group>";
		};
		3E75BD53273E83540029F566 /* Preview Content */ = {
			isa = PBXGroup;
			children = (
				3E75BD54273E83540029F566 /* Preview Assets.xcassets */,
			);
			path = "Preview Content";
			sourceTree = "<group>";
		};
		3E75BD5B273E837A0029F566 /* Model */ = {
			isa = PBXGroup;
			children = (
				3E75BD5C273E83900029F566 /* Person.swift */,
			);
			path = Model;
			sourceTree = "<group>";
		};
		3E75BD5E273E84050029F566 /* Services */ = {
			isa = PBXGroup;
			children = (
				3E75BD5F273E846C0029F566 /* DataManager.swift */,
			);
			path = Services;
			sourceTree = "<group>";
		};
		3E75BD67273EA5880029F566 /* Views */ = {
			isa = PBXGroup;
			children = (
				3E75BD4F273E834F0029F566 /* ContactsView.swift */,
				3E75BD61273E94E60029F566 /* PersonInfoView.swift */,
				3E75BD63273EA0260029F566 /* NumbersView.swift */,
				3E75BD65273EA3070029F566 /* StartView.swift */,
			);
			path = Views;
			sourceTree = "<group>";
		};
/* End PBXGroup section */

/* Begin PBXNativeTarget section */
		3E75BD49273E834F0029F566 /* TabContacSwiftUI */ = {
			isa = PBXNativeTarget;
			buildConfigurationList = 3E75BD58273E83540029F566 /* Build configuration list for PBXNativeTarget "TabContacSwiftUI" */;
			buildPhases = (
				3E75BD46273E834F0029F566 /* Sources */,
				3E75BD47273E834F0029F566 /* Frameworks */,
				3E75BD48273E834F0029F566 /* Resources */,
			);
			buildRules = (
			);
			dependencies = (
			);
			name = TabContacSwiftUI;
			productName = TabContacSwiftUI;
			productReference = 3E75BD4A273E834F0029F566 /* TabContacSwiftUI.app */;
			productType = "com.apple.product-type.application";
		};
/* End PBXNativeTarget section */

/* Begin PBXProject section */
		3E75BD42273E834F0029F566 /* Project object */ = {
			isa = PBXProject;
			attributes = {
				BuildIndependentTargetsInParallel = 1;
				LastSwiftUpdateCheck = 1300;
				LastUpgradeCheck = 1300;
				TargetAttributes = {
					3E75BD49273E834F0029F566 = {
						CreatedOnToolsVersion = 13.0;
					};
				};
			};
			buildConfigurationList = 3E75BD45273E834F0029F566 /* Build configuration list for PBXProject "TabContacSwiftUI" */;
			compatibilityVersion = "Xcode 13.0";
			developmentRegion = en;
			hasScannedForEncodings = 0;
			knownRegions = (
				en,
				Base,
			);
			mainGroup = 3E75BD41273E834F0029F566;
			productRefGroup = 3E75BD4B273E834F0029F566 /* Products */;
			projectDirPath = "";
			projectRoot = "";
			targets = (
				3E75BD49273E834F0029F566 /* TabContacSwiftUI */,
			);
		};
/* End PBXProject section */

/* Begin PBXResourcesBuildPhase section */
		3E75BD48273E834F0029F566 /* Resources */ = {
			isa = PBXResourcesBuildPhase;
			buildActionMask = 2147483647;
			files = (
				3E75BD55273E83540029F566 /* Preview Assets.xcassets in Resources */,
				3E75BD52273E83530029F566 /* Assets.xcassets in Resources */,
			);
			runOnlyForDeploymentPostprocessing = 0;
		};
/* End PBXResourcesBuildPhase section */

/* Begin PBXSourcesBuildPhase section */
		3E75BD46273E834F0029F566 /* Sources */ = {
			isa = PBXSourcesBuildPhase;
			buildActionMask = 2147483647;
			files = (
				3E75BD5D273E83900029F566 /* Person.swift in Sources */,
				3E75BD62273E94E60029F566 /* PersonInfoView.swift in Sources */,
				3E75BD64273EA0260029F566 /* NumbersView.swift in Sources */,
				3E75BD60273E846C0029F566 /* DataManager.swift in Sources */,
				3E75BD50273E834F0029F566 /* ContactsView.swift in Sources */,
				3E75BD4E273E834F0029F566 /* TabContacSwiftUIApp.swift in Sources */,
				3E75BD66273EA3070029F566 /* StartView.swift in Sources */,
			);
			runOnlyForDeploymentPostprocessing = 0;
		};
/* End PBXSourcesBuildPhase section */

/* Begin XCBuildConfiguration section */
		3E75BD56273E83540029F566 /* Debug */ = {
			isa = XCBuildConfiguration;
			buildSettings = {
				ALWAYS_SEARCH_USER_PATHS = NO;
				CLANG_ANALYZER_NONNULL = YES;
				CLANG_ANALYZER_NUMBER_OBJECT_CONVERSION = YES_AGGRESSIVE;
				CLANG_CXX_LANGUAGE_STANDARD = "gnu++17";
				CLANG_CXX_LIBRARY = "libc++";
				CLANG_ENABLE_MODULES = YES;
				CLANG_ENABLE_OBJC_ARC = YES;
				CLANG_ENABLE_OBJC_WEAK = YES;
				CLANG_WARN_BLOCK_CAPTURE_AUTORELEASING = YES;
				CLANG_WARN_BOOL_CONVERSION = YES;
				CLANG_WARN_COMMA = YES;
				CLANG_WARN_CONSTANT_CONVERSION = YES;
				CLANG_WARN_DEPRECATED_OBJC_IMPLEMENTATIONS = YES;
				CLANG_WARN_DIRECT_OBJC_ISA_USAGE = YES_ERROR;
				CLANG_WARN_DOCUMENTATION_COMMENTS = YES;
				CLANG_WARN_EMPTY_BODY = YES;
				CLANG_WARN_ENUM_CONVERSION = YES;
				CLANG_WARN_INFINITE_RECURSION = YES;
				CLANG_WARN_INT_CONVERSION = YES;
				CLANG_WARN_NON_LITERAL_NULL_CONVERSION = YES;
				CLANG_WARN_OBJC_IMPLICIT_RETAIN_SELF = YES;
				CLANG_WARN_OBJC_LITERAL_CONVERSION = YES;
				CLANG_WARN_OBJC_ROOT_CLASS = YES_ERROR;
				CLANG_WARN_QUOTED_INCLUDE_IN_FRAMEWORK_HEADER = YES;
				CLANG_WARN_RANGE_LOOP_ANALYSIS = YES;
				CLANG_WARN_STRICT_PROTOTYPES = YES;
				CLANG_WARN_SUSPICIOUS_MOVE = YES;
				CLANG_WARN_UNGUARDED_AVAILABILITY = YES_AGGRESSIVE;
				CLANG_WARN_UNREACHABLE_CODE = YES;
				CLANG_WARN__DUPLICATE_METHOD_MATCH = YES;
				COPY_PHASE_STRIP = NO;
				DEBUG_INFORMATION_FORMAT = dwarf;
				ENABLE_STRICT_OBJC_MSGSEND = YES;
				ENABLE_TESTABILITY = YES;
				GCC_C_LANGUAGE_STANDARD = gnu11;
				GCC_DYNAMIC_NO_PIC = NO;
				GCC_NO_COMMON_BLOCKS = YES;
				GCC_OPTIMIZATION_LEVEL = 0;
				GCC_PREPROCESSOR_DEFINITIONS = (
					"DEBUG=1",
					"$(inherited)",
				);
				GCC_WARN_64_TO_32_BIT_CONVERSION = YES;
				GCC_WARN_ABOUT_RETURN_TYPE = YES_ERROR;
				GCC_WARN_UNDECLARED_SELECTOR = YES;
				GCC_WARN_UNINITIALIZED_AUTOS = YES_AGGRESSIVE;
				GCC_WARN_UNUSED_FUNCTION = YES;
				GCC_WARN_UNUSED_VARIABLE = YES;
				IPHONEOS_DEPLOYMENT_TARGET = 15.0;
				MTL_ENABLE_DEBUG_INFO = INCLUDE_SOURCE;
				MTL_FAST_MATH = YES;
				ONLY_ACTIVE_ARCH = YES;
				SDKROOT = iphoneos;
				SWIFT_ACTIVE_COMPILATION_CONDITIONS = DEBUG;
				SWIFT_OPTIMIZATION_LEVEL = "-Onone";
			};
			name = Debug;
		};
		3E75BD57273E83540029F566 /* Release */ = {
			isa = XCBuildConfiguration;
			buildSettings = {
				ALWAYS_SEARCH_USER_PATHS = NO;
				CLANG_ANALYZER_NONNULL = YES;
				CLANG_ANALYZER_NUMBER_OBJECT_CONVERSION = YES_AGGRESSIVE;
				CLANG_CXX_LANGUAGE_STANDARD = "gnu++17";
				CLANG_CXX_LIBRARY = "libc++";
				CLANG_ENABLE_MODULES = YES;
				CLANG_ENABLE_OBJC_ARC = YES;
				CLANG_ENABLE_OBJC_WEAK = YES;
				CLANG_WARN_BLOCK_CAPTURE_AUTORELEASING = YES;
				CLANG_WARN_BOOL_CONVERSION = YES;
				CLANG_WARN_COMMA = YES;
				CLANG_WARN_CONSTANT_CONVERSION = YES;
				CLANG_WARN_DEPRECATED_OBJC_IMPLEMENTATIONS = YES;
				CLANG_WARN_DIRECT_OBJC_ISA_USAGE = YES_ERROR;
				CLANG_WARN_DOCUMENTATION_COMMENTS = YES;
				CLANG_WARN_EMPTY_BODY = YES;
				CLANG_WARN_ENUM_CONVERSION = YES;
				CLANG_WARN_INFINITE_RECURSION = YES;
				CLANG_WARN_INT_CONVERSION = YES;
				CLANG_WARN_NON_LITERAL_NULL_CONVERSION = YES;
				CLANG_WARN_OBJC_IMPLICIT_RETAIN_SELF = YES;
				CLANG_WARN_OBJC_LITERAL_CONVERSION = YES;
				CLANG_WARN_OBJC_ROOT_CLASS = YES_ERROR;
				CLANG_WARN_QUOTED_INCLUDE_IN_FRAMEWORK_HEADER = YES;
				CLANG_WARN_RANGE_LOOP_ANALYSIS = YES;
				CLANG_WARN_STRICT_PROTOTYPES = YES;
				CLANG_WARN_SUSPICIOUS_MOVE = YES;
				CLANG_WARN_UNGUARDED_AVAILABILITY = YES_AGGRESSIVE;
				CLANG_WARN_UNREACHABLE_CODE = YES;
				CLANG_WARN__DUPLICATE_METHOD_MATCH = YES;
				COPY_PHASE_STRIP = NO;
				DEBUG_INFORMATION_FORMAT = "dwarf-with-dsym";
				ENABLE_NS_ASSERTIONS = NO;
				ENABLE_STRICT_OBJC_MSGSEND = YES;
				GCC_C_LANGUAGE_STANDARD = gnu11;
				GCC_NO_COMMON_BLOCKS = YES;
				GCC_WARN_64_TO_32_BIT_CONVERSION = YES;
				GCC_WARN_ABOUT_RETURN_TYPE = YES_ERROR;
				GCC_WARN_UNDECLARED_SELECTOR = YES;
				GCC_WARN_UNINITIALIZED_AUTOS = YES_AGGRESSIVE;
				GCC_WARN_UNUSED_FUNCTION = YES;
				GCC_WARN_UNUSED_VARIABLE = YES;
				IPHONEOS_DEPLOYMENT_TARGET = 15.0;
				MTL_ENABLE_DEBUG_INFO = NO;
				MTL_FAST_MATH = YES;
				SDKROOT = iphoneos;
				SWIFT_COMPILATION_MODE = wholemodule;
				SWIFT_OPTIMIZATION_LEVEL = "-O";
				VALIDATE_PRODUCT = YES;
			};
			name = Release;
		};
		3E75BD59273E83540029F566 /* Debug */ = {
			isa = XCBuildConfiguration;
			buildSettings = {
				ASSETCATALOG_COMPILER_APPICON_NAME = AppIcon;
				ASSETCATALOG_COMPILER_GLOBAL_ACCENT_COLOR_NAME = AccentColor;
				CODE_SIGN_STYLE = Automatic;
				CURRENT_PROJECT_VERSION = 1;
				DEVELOPMENT_ASSET_PATHS = "\"TabContacSwiftUI/Preview Content\"";
				DEVELOPMENT_TEAM = A988NJMD75;
				ENABLE_PREVIEWS = YES;
				GENERATE_INFOPLIST_FILE = YES;
				INFOPLIST_KEY_UIApplicationSceneManifest_Generation = YES;
				INFOPLIST_KEY_UIApplicationSupportsIndirectInputEvents = YES;
				INFOPLIST_KEY_UILaunchScreen_Generation = YES;
				INFOPLIST_KEY_UISupportedInterfaceOrientations_iPad = "UIInterfaceOrientationPortrait UIInterfaceOrientationPortraitUpsideDown UIInterfaceOrientationLandscapeLeft UIInterfaceOrientationLandscapeRight";
				INFOPLIST_KEY_UISupportedInterfaceOrientations_iPhone = "UIInterfaceOrientationPortrait UIInterfaceOrientationLandscapeLeft UIInterfaceOrientationLandscapeRight";
				IPHONEOS_DEPLOYMENT_TARGET = 14.0;
				LD_RUNPATH_SEARCH_PATHS = (
					"$(inherited)",
					"@executable_path/Frameworks",
				);
				MARKETING_VERSION = 1.0;
				PRODUCT_BUNDLE_IDENTIFIER = com.ivanovma.TabContacSwiftUI;
				PRODUCT_NAME = "$(TARGET_NAME)";
				SWIFT_EMIT_LOC_STRINGS = YES;
				SWIFT_VERSION = 5.0;
				TARGETED_DEVICE_FAMILY = "1,2";
			};
			name = Debug;
		};
		3E75BD5A273E83540029F566 /* Release */ = {
			isa = XCBuildConfiguration;
			buildSettings = {
				ASSETCATALOG_COMPILER_APPICON_NAME = AppIcon;
				ASSETCATALOG_COMPILER_GLOBAL_ACCENT_COLOR_NAME = AccentColor;
				CODE_SIGN_STYLE = Automatic;
				CURRENT_PROJECT_VERSION = 1;
				DEVELOPMENT_ASSET_PATHS = "\"TabContacSwiftUI/Preview Content\"";
				DEVELOPMENT_TEAM = A988NJMD75;
				ENABLE_PREVIEWS = YES;
				GENERATE_INFOPLIST_FILE = YES;
				INFOPLIST_KEY_UIApplicationSceneManifest_Generation = YES;
				INFOPLIST_KEY_UIApplicationSupportsIndirectInputEvents = YES;
				INFOPLIST_KEY_UILaunchScreen_Generation = YES;
				INFOPLIST_KEY_UISupportedInterfaceOrientations_iPad = "UIInterfaceOrientationPortrait UIInterfaceOrientationPortraitUpsideDown UIInterfaceOrientationLandscapeLeft UIInterfaceOrientationLandscapeRight";
				INFOPLIST_KEY_UISupportedInterfaceOrientations_iPhone = "UIInterfaceOrientationPortrait UIInterfaceOrientationLandscapeLeft UIInterfaceOrientationLandscapeRight";
				IPHONEOS_DEPLOYMENT_TARGET = 14.0;
				LD_RUNPATH_SEARCH_PATHS = (
					"$(inherited)",
					"@executable_path/Frameworks",
				);
				MARKETING_VERSION = 1.0;
				PRODUCT_BUNDLE_IDENTIFIER = com.ivanovma.TabContacSwiftUI;
				PRODUCT_NAME = "$(TARGET_NAME)";
				SWIFT_EMIT_LOC_STRINGS = YES;
				SWIFT_VERSION = 5.0;
				TARGETED_DEVICE_FAMILY = "1,2";
			};
			name = Release;
		};
/* End XCBuildConfiguration section */

/* Begin XCConfigurationList section */
		3E75BD45273E834F0029F566 /* Build configuration list for PBXProject "TabContacSwiftUI" */ = {
			isa = XCConfigurationList;
			buildConfigurations = (
				3E75BD56273E83540029F566 /* Debug */,
				3E75BD57273E83540029F566 /* Release */,
			);
			defaultConfigurationIsVisible = 0;
			defaultConfigurationName = Release;
		};
		3E75BD58273E83540029F566 /* Build configuration list for PBXNativeTarget "TabContacSwiftUI" */ = {
			isa = XCConfigurationList;
			buildConfigurations = (
				3E75BD59273E83540029F566 /* Debug */,
				3E75BD5A273E83540029F566 /* Release */,
			);
			defaultConfigurationIsVisible = 0;
			defaultConfigurationName = Release;
		};
/* End XCConfigurationList section */
	};
	rootObject = 3E75BD42273E834F0029F566 /* Project object */;
}
